
Microsoft Visual Studio Solution File, Format Version 12.00
# Visual Studio 2013
VisualStudioVersion = 12.0.40629.0
MinimumVisualStudioVersion = 10.0.40219.1
Project("{FAE04EC0-301F-11D3-BF4B-00C04F79EFBC}") = "studentSolution", "studentSolution\studentSolution.csproj", "{B36BFDE6-6310-4315-804B-137204810E46}"
EndProject
Project("{FAE04EC0-301F-11D3-BF4B-00C04F79EFBC}") = "studentCore", "studentCore\studentCore.csproj", "{DC81EA2F-136C-4822-9A26-1F16B6864F40}"
EndProject
Project("{FAE04EC0-301F-11D3-BF4B-00C04F79EFBC}") = "studentTest", "studentTest\studentTest.csproj", "{C93EE2A1-EC5E-45C2-B8BE-836F4C3D212F}"
EndProject
Global
	GlobalSection(SolutionConfigurationPlatforms) = preSolution
		Debug|Any CPU = Debug|Any CPU
		Release|Any CPU = Release|Any CPU
	EndGlobalSection
	GlobalSection(ProjectConfigurationPlatforms) = postSolution
		{B36BFDE6-6310-4315-804B-137204810E46}.Debug|Any CPU.ActiveCfg = Debug|Any CPU
		{B36BFDE6-6310-4315-804B-137204810E46}.Debug|Any CPU.Build.0 = Debug|Any CPU
		{B36BFDE6-6310-4315-804B-137204810E46}.Release|Any CPU.ActiveCfg = Release|Any CPU
		{B36BFDE6-6310-4315-804B-137204810E46}.Release|Any CPU.Build.0 = Release|Any CPU
		{DC81EA2F-136C-4822-9A26-1F16B6864F40}.Debug|Any CPU.ActiveCfg = Debug|Any CPU
		{DC81EA2F-136C-4822-9A26-1F16B6864F40}.Debug|Any CPU.Build.0 = Debug|Any CPU
		{DC81EA2F-136C-4822-9A26-1F16B6864F40}.Release|Any CPU.ActiveCfg = Release|Any CPU
		{DC81EA2F-136C-4822-9A26-1F16B6864F40}.Release|Any CPU.Build.0 = Release|Any CPU
		{C93EE2A1-EC5E-45C2-B8BE-836F4C3D212F}.Debug|Any CPU.ActiveCfg = Debug|Any CPU
		{C93EE2A1-EC5E-45C2-B8BE-836F4C3D212F}.Debug|Any CPU.Build.0 = Debug|Any CPU
		{C93EE2A1-EC5E-45C2-B8BE-836F4C3D212F}.Release|Any CPU.ActiveCfg = Release|Any CPU
		{C93EE2A1-EC5E-45C2-B8BE-836F4C3D212F}.Release|Any CPU.Build.0 = Release|Any CPU
	EndGlobalSection
	GlobalSection(SolutionProperties) = preSolution
		HideSolutionNode = FALSE
	EndGlobalSection
EndGlobal
